
Microsoft Visual Studio Solution File, Format Version 12.00
# Visual Studio Version 17
VisualStudioVersion = 17.1.32210.238
MinimumVisualStudioVersion = 10.0.40219.1
Project("{FAE04EC0-301F-11D3-BF4B-00C04F79EFBC}") = "Lab1", "Lab1\Lab1.csproj", "{93C6995C-EBDD-4B02-8AA3-37ED5CC81ACD}"
EndProject
Global
	GlobalSection(SolutionConfigurationPlatforms) = preSolution
		Debug|Any CPU = Debug|Any CPU
		Release|Any CPU = Release|Any CPU
	EndGlobalSection
	GlobalSection(ProjectConfigurationPlatforms) = postSolution
		{93C6995C-EBDD-4B02-8AA3-37ED5CC81ACD}.Debug|Any CPU.ActiveCfg = Debug|Any CPU
		{93C6995C-EBDD-4B02-8AA3-37ED5CC81ACD}.Debug|Any CPU.Build.0 = Debug|Any CPU
		{93C6995C-EBDD-4B02-8AA3-37ED5CC81ACD}.Release|Any CPU.ActiveCfg = Release|Any CPU
		{93C6995C-EBDD-4B02-8AA3-37ED5CC81ACD}.Release|Any CPU.Build.0 = Release|Any CPU
	EndGlobalSection
	GlobalSection(SolutionProperties) = preSolution
		HideSolutionNode = FALSE
	EndGlobalSection
	GlobalSection(ExtensibilityGlobals) = postSolution
		SolutionGuid = {87AC4F5A-F298-4596-BF5C-0C4CFDCCD1D6}
	EndGlobalSection
EndGlobal
