
Microsoft Visual Studio Solution File, Format Version 12.00
# Visual Studio Version 17
VisualStudioVersion = 17.0.32112.339
MinimumVisualStudioVersion = 10.0.40219.1
Project("{9A19103F-16F7-4668-BE54-9A1E7A4F7556}") = "Binary_operations", "Binary_operations\Binary_operations.csproj", "{FCF9D7D0-24FA-4FAC-8843-3B038598DD2C}"
EndProject
Project("{FAE04EC0-301F-11D3-BF4B-00C04F79EFBC}") = "Binary_operationsTests", "Binary_operationsTests\Binary_operationsTests.csproj", "{77FB754C-3A0D-4ACF-A333-1105110F8136}"
EndProject
Global
	GlobalSection(SolutionConfigurationPlatforms) = preSolution
		Debug|Any CPU = Debug|Any CPU
		Release|Any CPU = Release|Any CPU
	EndGlobalSection
	GlobalSection(ProjectConfigurationPlatforms) = postSolution
		{FCF9D7D0-24FA-4FAC-8843-3B038598DD2C}.Debug|Any CPU.ActiveCfg = Debug|Any CPU
		{FCF9D7D0-24FA-4FAC-8843-3B038598DD2C}.Debug|Any CPU.Build.0 = Debug|Any CPU
		{FCF9D7D0-24FA-4FAC-8843-3B038598DD2C}.Release|Any CPU.ActiveCfg = Release|Any CPU
		{FCF9D7D0-24FA-4FAC-8843-3B038598DD2C}.Release|Any CPU.Build.0 = Release|Any CPU
		{77FB754C-3A0D-4ACF-A333-1105110F8136}.Debug|Any CPU.ActiveCfg = Debug|Any CPU
		{77FB754C-3A0D-4ACF-A333-1105110F8136}.Debug|Any CPU.Build.0 = Debug|Any CPU
		{77FB754C-3A0D-4ACF-A333-1105110F8136}.Release|Any CPU.ActiveCfg = Release|Any CPU
		{77FB754C-3A0D-4ACF-A333-1105110F8136}.Release|Any CPU.Build.0 = Release|Any CPU
	EndGlobalSection
	GlobalSection(SolutionProperties) = preSolution
		HideSolutionNode = FALSE
	EndGlobalSection
	GlobalSection(ExtensibilityGlobals) = postSolution
		SolutionGuid = {CBE7CC00-2213-492C-886A-D6381B83DE50}
	EndGlobalSection
EndGlobal
