
Microsoft Visual Studio Solution File, Format Version 12.00
# Visual Studio Version 16
VisualStudioVersion = 16.0.31205.134
MinimumVisualStudioVersion = 10.0.40219.1
Project("{FAE04EC0-301F-11D3-BF4B-00C04F79EFBC}") = "PromProgLab1", "PromProgLab1\PromProgLab1.csproj", "{FE2A5E6C-B533-4976-B8E4-8F370E320AA7}"
EndProject
Global
	GlobalSection(SolutionConfigurationPlatforms) = preSolution
		Debug|Any CPU = Debug|Any CPU
		Release|Any CPU = Release|Any CPU
	EndGlobalSection
	GlobalSection(ProjectConfigurationPlatforms) = postSolution
		{FE2A5E6C-B533-4976-B8E4-8F370E320AA7}.Debug|Any CPU.ActiveCfg = Debug|Any CPU
		{FE2A5E6C-B533-4976-B8E4-8F370E320AA7}.Debug|Any CPU.Build.0 = Debug|Any CPU
		{FE2A5E6C-B533-4976-B8E4-8F370E320AA7}.Release|Any CPU.ActiveCfg = Release|Any CPU
		{FE2A5E6C-B533-4976-B8E4-8F370E320AA7}.Release|Any CPU.Build.0 = Release|Any CPU
	EndGlobalSection
	GlobalSection(SolutionProperties) = preSolution
		HideSolutionNode = FALSE
	EndGlobalSection
	GlobalSection(ExtensibilityGlobals) = postSolution
		SolutionGuid = {5090ABAB-215B-455B-8C25-435307CB95BA}
	EndGlobalSection
EndGlobal
