
Microsoft Visual Studio Solution File, Format Version 12.00
# Visual Studio Version 17
VisualStudioVersion = 17.0.32126.317
MinimumVisualStudioVersion = 10.0.40219.1
Project("{FAE04EC0-301F-11D3-BF4B-00C04F79EFBC}") = "PromProg1", "PromProg1\PromProg1.csproj", "{AECA0393-82AD-41D7-A85A-7577081604A4}"
EndProject
Global
	GlobalSection(SolutionConfigurationPlatforms) = preSolution
		Debug|Any CPU = Debug|Any CPU
		Release|Any CPU = Release|Any CPU
	EndGlobalSection
	GlobalSection(ProjectConfigurationPlatforms) = postSolution
		{AECA0393-82AD-41D7-A85A-7577081604A4}.Debug|Any CPU.ActiveCfg = Debug|Any CPU
		{AECA0393-82AD-41D7-A85A-7577081604A4}.Debug|Any CPU.Build.0 = Debug|Any CPU
		{AECA0393-82AD-41D7-A85A-7577081604A4}.Release|Any CPU.ActiveCfg = Release|Any CPU
		{AECA0393-82AD-41D7-A85A-7577081604A4}.Release|Any CPU.Build.0 = Release|Any CPU
	EndGlobalSection
	GlobalSection(SolutionProperties) = preSolution
		HideSolutionNode = FALSE
	EndGlobalSection
	GlobalSection(ExtensibilityGlobals) = postSolution
		SolutionGuid = {41345894-9ABE-4482-B694-B9293AB998F1}
	EndGlobalSection
EndGlobal
