
Microsoft Visual Studio Solution File, Format Version 12.00
# Visual Studio Version 16
VisualStudioVersion = 16.0.32413.511
MinimumVisualStudioVersion = 10.0.40219.1
Project("{FAE04EC0-301F-11D3-BF4B-00C04F79EFBC}") = "Lab1_3D", "Lab1_3D\Lab1_3D.csproj", "{90E2EA16-B261-4A44-9312-BB6E3A509FDF}"
EndProject
Global
	GlobalSection(SolutionConfigurationPlatforms) = preSolution
		Debug|Any CPU = Debug|Any CPU
		Release|Any CPU = Release|Any CPU
	EndGlobalSection
	GlobalSection(ProjectConfigurationPlatforms) = postSolution
		{90E2EA16-B261-4A44-9312-BB6E3A509FDF}.Debug|Any CPU.ActiveCfg = Debug|Any CPU
		{90E2EA16-B261-4A44-9312-BB6E3A509FDF}.Debug|Any CPU.Build.0 = Debug|Any CPU
		{90E2EA16-B261-4A44-9312-BB6E3A509FDF}.Release|Any CPU.ActiveCfg = Release|Any CPU
		{90E2EA16-B261-4A44-9312-BB6E3A509FDF}.Release|Any CPU.Build.0 = Release|Any CPU
	EndGlobalSection
	GlobalSection(SolutionProperties) = preSolution
		HideSolutionNode = FALSE
	EndGlobalSection
	GlobalSection(ExtensibilityGlobals) = postSolution
		SolutionGuid = {61643C45-63D5-4910-9E84-323401924416}
	EndGlobalSection
EndGlobal
