
Microsoft Visual Studio Solution File, Format Version 12.00
# Visual Studio Version 17
VisualStudioVersion = 17.1.32210.238
MinimumVisualStudioVersion = 10.0.40219.1
Project("{FAE04EC0-301F-11D3-BF4B-00C04F79EFBC}") = "ConsoleApp1", "ConsoleApp1\ConsoleApp1.csproj", "{735583AA-8C88-4B2E-B4C4-D22F143080CD}"
EndProject
Global
	GlobalSection(SolutionConfigurationPlatforms) = preSolution
		Debug|Any CPU = Debug|Any CPU
		Release|Any CPU = Release|Any CPU
	EndGlobalSection
	GlobalSection(ProjectConfigurationPlatforms) = postSolution
		{735583AA-8C88-4B2E-B4C4-D22F143080CD}.Debug|Any CPU.ActiveCfg = Debug|Any CPU
		{735583AA-8C88-4B2E-B4C4-D22F143080CD}.Debug|Any CPU.Build.0 = Debug|Any CPU
		{735583AA-8C88-4B2E-B4C4-D22F143080CD}.Release|Any CPU.ActiveCfg = Release|Any CPU
		{735583AA-8C88-4B2E-B4C4-D22F143080CD}.Release|Any CPU.Build.0 = Release|Any CPU
	EndGlobalSection
	GlobalSection(SolutionProperties) = preSolution
		HideSolutionNode = FALSE
	EndGlobalSection
	GlobalSection(ExtensibilityGlobals) = postSolution
		SolutionGuid = {9616905B-0C11-4759-BE34-755B93C803D3}
	EndGlobalSection
EndGlobal
